// !$*UTF8*$!
{
	archiveVersion = 1;
	classes = {
	};
	objectVersion = 50;
	objects = {

/* Begin PBXBuildFile section */
		E028E59A2510D0DD0070AC23 /* AppDelegate.swift in Sources */ = {isa = PBXBuildFile; fileRef = E028E5992510D0DD0070AC23 /* AppDelegate.swift */; };
		E028E59C2510D0DD0070AC23 /* SceneDelegate.swift in Sources */ = {isa = PBXBuildFile; fileRef = E028E59B2510D0DD0070AC23 /* SceneDelegate.swift */; };
		E028E59E2510D0DD0070AC23 /* ViewController.swift in Sources */ = {isa = PBXBuildFile; fileRef = E028E59D2510D0DD0070AC23 /* ViewController.swift */; };
		E028E5A12510D0DD0070AC23 /* Main.storyboard in Resources */ = {isa = PBXBuildFile; fileRef = E028E59F2510D0DD0070AC23 /* Main.storyboard */; };
		E028E5A32510D0DE0070AC23 /* Assets.xcassets in Resources */ = {isa = PBXBuildFile; fileRef = E028E5A22510D0DE0070AC23 /* Assets.xcassets */; };
		E028E5A62510D0DE0070AC23 /* LaunchScreen.storyboard in Resources */ = {isa = PBXBuildFile; fileRef = E028E5A42510D0DE0070AC23 /* LaunchScreen.storyboard */; };
/* End PBXBuildFile section */

/* Begin PBXFileReference section */
		E028E5962510D0DD0070AC23 /* challenge 2.app */ = {isa = PBXFileReference; explicitFileType = wrapper.application; includeInIndex = 0; path = "challenge 2.app"; sourceTree = BUILT_PRODUCTS_DIR; };
		E028E5992510D0DD0070AC23 /* AppDelegate.swift */ = {isa = PBXFileReference; lastKnownFileType = sourcecode.swift; path = AppDelegate.swift; sourceTree = "<group>"; };
		E028E59B2510D0DD0070AC23 /* SceneDelegate.swift */ = {isa = PBXFileReference; lastKnownFileType = sourcecode.swift; path = SceneDelegate.swift; sourceTree = "<group>"; };
		E028E59D2510D0DD0070AC23 /* ViewController.swift */ = {isa = PBXFileReference; lastKnownFileType = sourcecode.swift; path = ViewController.swift; sourceTree = "<group>"; };
		E028E5A02510D0DD0070AC23 /* Base */ = {isa = PBXFileReference; lastKnownFileType = file.storyboard; name = Base; path = Base.lproj/Main.storyboard; sourceTree = "<group>"; };
		E028E5A22510D0DE0070AC23 /* Assets.xcassets */ = {isa = PBXFileReference; lastKnownFileType = folder.assetcatalog; path = Assets.xcassets; sourceTree = "<group>"; };
		E028E5A52510D0DE0070AC23 /* Base */ = {isa = PBXFileReference; lastKnownFileType = file.storyboard; name = Base; path = Base.lproj/LaunchScreen.storyboard; sourceTree = "<group>"; };
		E028E5A72510D0DE0070AC23 /* Info.plist */ = {isa = PBXFileReference; lastKnownFileType = text.plist.xml; path = Info.plist; sourceTree = "<group>"; };
/* End PBXFileReference section */

/* Begin PBXFrameworksBuildPhase section */
		E028E5932510D0DD0070AC23 /* Frameworks */ = {
			isa = PBXFrameworksBuildPhase;
			buildActionMask = 2147483647;
			files = (
			);
			runOnlyForDeploymentPostprocessing = 0;
		};
/* End PBXFrameworksBuildPhase section */

/* Begin PBXGroup section */
		E028E58D2510D0DD0070AC23 = {
			isa = PBXGroup;
			children = (
				E028E5982510D0DD0070AC23 /* challenge 2 */,
				E028E5972510D0DD0070AC23 /* Products */,
			);
			sourceTree = "<group>";
		};
		E028E5972510D0DD0070AC23 /* Products */ = {
			isa = PBXGroup;
			children = (
				E028E5962510D0DD0070AC23 /* challenge 2.app */,
			);
			name = Products;
			sourceTree = "<group>";
		};
		E028E5982510D0DD0070AC23 /* challenge 2 */ = {
			isa = PBXGroup;
			children = (
				E028E5992510D0DD0070AC23 /* AppDelegate.swift */,
				E028E59B2510D0DD0070AC23 /* SceneDelegate.swift */,
				E028E59D2510D0DD0070AC23 /* ViewController.swift */,
				E028E59F2510D0DD0070AC23 /* Main.storyboard */,
				E028E5A22510D0DE0070AC23 /* Assets.xcassets */,
				E028E5A42510D0DE0070AC23 /* LaunchScreen.storyboard */,
				E028E5A72510D0DE0070AC23 /* Info.plist */,
			);
			path = "challenge 2";
			sourceTree = "<group>";
		};
/* End PBXGroup section */

/* Begin PBXNativeTarget section */
		E028E5952510D0DD0070AC23 /* challenge 2 */ = {
			isa = PBXNativeTarget;
			buildConfigurationList = E028E5AA2510D0DE0070AC23 /* Build configuration list for PBXNativeTarget "challenge 2" */;
			buildPhases = (
				E028E5922510D0DD0070AC23 /* Sources */,
				E028E5932510D0DD0070AC23 /* Frameworks */,
				E028E5942510D0DD0070AC23 /* Resources */,
			);
			buildRules = (
			);
			dependencies = (
			);
			name = "challenge 2";
			productName = "challenge 2";
			productReference = E028E5962510D0DD0070AC23 /* challenge 2.app */;
			productType = "com.apple.product-type.application";
		};
/* End PBXNativeTarget section */

/* Begin PBXProject section */
		E028E58E2510D0DD0070AC23 /* Project object */ = {
			isa = PBXProject;
			attributes = {
				LastSwiftUpdateCheck = 1170;
				LastUpgradeCheck = 1170;
				ORGANIZATIONNAME = "Kristoffer Eriksson";
				TargetAttributes = {
					E028E5952510D0DD0070AC23 = {
						CreatedOnToolsVersion = 11.7;
					};
				};
			};
			buildConfigurationList = E028E5912510D0DD0070AC23 /* Build configuration list for PBXProject "challenge 2" */;
			compatibilityVersion = "Xcode 9.3";
			developmentRegion = en;
			hasScannedForEncodings = 0;
			knownRegions = (
				en,
				Base,
			);
			mainGroup = E028E58D2510D0DD0070AC23;
			productRefGroup = E028E5972510D0DD0070AC23 /* Products */;
			projectDirPath = "";
			projectRoot = "";
			targets = (
				E028E5952510D0DD0070AC23 /* challenge 2 */,
			);
		};
/* End PBXProject section */

/* Begin PBXResourcesBuildPhase section */
		E028E5942510D0DD0070AC23 /* Resources */ = {
			isa = PBXResourcesBuildPhase;
			buildActionMask = 2147483647;
			files = (
				E028E5A62510D0DE0070AC23 /* LaunchScreen.storyboard in Resources */,
				E028E5A32510D0DE0070AC23 /* Assets.xcassets in Resources */,
				E028E5A12510D0DD0070AC23 /* Main.storyboard in Resources */,
			);
			runOnlyForDeploymentPostprocessing = 0;
		};
/* End PBXResourcesBuildPhase section */

/* Begin PBXSourcesBuildPhase section */
		E028E5922510D0DD0070AC23 /* Sources */ = {
			isa = PBXSourcesBuildPhase;
			buildActionMask = 2147483647;
			files = (
				E028E59E2510D0DD0070AC23 /* ViewController.swift in Sources */,
				E028E59A2510D0DD0070AC23 /* AppDelegate.swift in Sources */,
				E028E59C2510D0DD0070AC23 /* SceneDelegate.swift in Sources */,
			);
			runOnlyForDeploymentPostprocessing = 0;
		};
/* End PBXSourcesBuildPhase section */

/* Begin PBXVariantGroup section */
		E028E59F2510D0DD0070AC23 /* Main.storyboard */ = {
			isa = PBXVariantGroup;
			children = (
				E028E5A02510D0DD0070AC23 /* Base */,
			);
			name = Main.storyboard;
			sourceTree = "<group>";
		};
		E028E5A42510D0DE0070AC23 /* LaunchScreen.storyboard */ = {
			isa = PBXVariantGroup;
			children = (
				E028E5A52510D0DE0070AC23 /* Base */,
			);
			name = LaunchScreen.storyboard;
			sourceTree = "<group>";
		};
/* End PBXVariantGroup section */

/* Begin XCBuildConfiguration section */
		E028E5A82510D0DE0070AC23 /* Debug */ = {
			isa = XCBuildConfiguration;
			buildSettings = {
				ALWAYS_SEARCH_USER_PATHS = NO;
				CLANG_ANALYZER_NONNULL = YES;
				CLANG_ANALYZER_NUMBER_OBJECT_CONVERSION = YES_AGGRESSIVE;
				CLANG_CXX_LANGUAGE_STANDARD = "gnu++14";
				CLANG_CXX_LIBRARY = "libc++";
				CLANG_ENABLE_MODULES = YES;
				CLANG_ENABLE_OBJC_ARC = YES;
				CLANG_ENABLE_OBJC_WEAK = YES;
				CLANG_WARN_BLOCK_CAPTURE_AUTORELEASING = YES;
				CLANG_WARN_BOOL_CONVERSION = YES;
				CLANG_WARN_COMMA = YES;
				CLANG_WARN_CONSTANT_CONVERSION = YES;
				CLANG_WARN_DEPRECATED_OBJC_IMPLEMENTATIONS = YES;
				CLANG_WARN_DIRECT_OBJC_ISA_USAGE = YES_ERROR;
				CLANG_WARN_DOCUMENTATION_COMMENTS = YES;
				CLANG_WARN_EMPTY_BODY = YES;
				CLANG_WARN_ENUM_CONVERSION = YES;
				CLANG_WARN_INFINITE_RECURSION = YES;
				CLANG_WARN_INT_CONVERSION = YES;
				CLANG_WARN_NON_LITERAL_NULL_CONVERSION = YES;
				CLANG_WARN_OBJC_IMPLICIT_RETAIN_SELF = YES;
				CLANG_WARN_OBJC_LITERAL_CONVERSION = YES;
				CLANG_WARN_OBJC_ROOT_CLASS = YES_ERROR;
				CLANG_WARN_RANGE_LOOP_ANALYSIS = YES;
				CLANG_WARN_STRICT_PROTOTYPES = YES;
				CLANG_WARN_SUSPICIOUS_MOVE = YES;
				CLANG_WARN_UNGUARDED_AVAILABILITY = YES_AGGRESSIVE;
				CLANG_WARN_UNREACHABLE_CODE = YES;
				CLANG_WARN__DUPLICATE_METHOD_MATCH = YES;
				COPY_PHASE_STRIP = NO;
				DEBUG_INFORMATION_FORMAT = dwarf;
				ENABLE_STRICT_OBJC_MSGSEND = YES;
				ENABLE_TESTABILITY = YES;
				GCC_C_LANGUAGE_STANDARD = gnu11;
				GCC_DYNAMIC_NO_PIC = NO;
				GCC_NO_COMMON_BLOCKS = YES;
				GCC_OPTIMIZATION_LEVEL = 0;
				GCC_PREPROCESSOR_DEFINITIONS = (
					"DEBUG=1",
					"$(inherited)",
				);
				GCC_WARN_64_TO_32_BIT_CONVERSION = YES;
				GCC_WARN_ABOUT_RETURN_TYPE = YES_ERROR;
				GCC_WARN_UNDECLARED_SELECTOR = YES;
				GCC_WARN_UNINITIALIZED_AUTOS = YES_AGGRESSIVE;
				GCC_WARN_UNUSED_FUNCTION = YES;
				GCC_WARN_UNUSED_VARIABLE = YES;
				IPHONEOS_DEPLOYMENT_TARGET = 13.7;
				MTL_ENABLE_DEBUG_INFO = INCLUDE_SOURCE;
				MTL_FAST_MATH = YES;
				ONLY_ACTIVE_ARCH = YES;
				SDKROOT = iphoneos;
				SWIFT_ACTIVE_COMPILATION_CONDITIONS = DEBUG;
				SWIFT_OPTIMIZATION_LEVEL = "-Onone";
			};
			name = Debug;
		};
		E028E5A92510D0DE0070AC23 /* Release */ = {
			isa = XCBuildConfiguration;
			buildSettings = {
				ALWAYS_SEARCH_USER_PATHS = NO;
				CLANG_ANALYZER_NONNULL = YES;
				CLANG_ANALYZER_NUMBER_OBJECT_CONVERSION = YES_AGGRESSIVE;
				CLANG_CXX_LANGUAGE_STANDARD = "gnu++14";
				CLANG_CXX_LIBRARY = "libc++";
				CLANG_ENABLE_MODULES = YES;
				CLANG_ENABLE_OBJC_ARC = YES;
				CLANG_ENABLE_OBJC_WEAK = YES;
				CLANG_WARN_BLOCK_CAPTURE_AUTORELEASING = YES;
				CLANG_WARN_BOOL_CONVERSION = YES;
				CLANG_WARN_COMMA = YES;
				CLANG_WARN_CONSTANT_CONVERSION = YES;
				CLANG_WARN_DEPRECATED_OBJC_IMPLEMENTATIONS = YES;
				CLANG_WARN_DIRECT_OBJC_ISA_USAGE = YES_ERROR;
				CLANG_WARN_DOCUMENTATION_COMMENTS = YES;
				CLANG_WARN_EMPTY_BODY = YES;
				CLANG_WARN_ENUM_CONVERSION = YES;
				CLANG_WARN_INFINITE_RECURSION = YES;
				CLANG_WARN_INT_CONVERSION = YES;
				CLANG_WARN_NON_LITERAL_NULL_CONVERSION = YES;
				CLANG_WARN_OBJC_IMPLICIT_RETAIN_SELF = YES;
				CLANG_WARN_OBJC_LITERAL_CONVERSION = YES;
				CLANG_WARN_OBJC_ROOT_CLASS = YES_ERROR;
				CLANG_WARN_RANGE_LOOP_ANALYSIS = YES;
				CLANG_WARN_STRICT_PROTOTYPES = YES;
				CLANG_WARN_SUSPICIOUS_MOVE = YES;
				CLANG_WARN_UNGUARDED_AVAILABILITY = YES_AGGRESSIVE;
				CLANG_WARN_UNREACHABLE_CODE = YES;
				CLANG_WARN__DUPLICATE_METHOD_MATCH = YES;
				COPY_PHASE_STRIP = NO;
				DEBUG_INFORMATION_FORMAT = "dwarf-with-dsym";
				ENABLE_NS_ASSERTIONS = NO;
				ENABLE_STRICT_OBJC_MSGSEND = YES;
				GCC_C_LANGUAGE_STANDARD = gnu11;
				GCC_NO_COMMON_BLOCKS = YES;
				GCC_WARN_64_TO_32_BIT_CONVERSION = YES;
				GCC_WARN_ABOUT_RETURN_TYPE = YES_ERROR;
				GCC_WARN_UNDECLARED_SELECTOR = YES;
				GCC_WARN_UNINITIALIZED_AUTOS = YES_AGGRESSIVE;
				GCC_WARN_UNUSED_FUNCTION = YES;
				GCC_WARN_UNUSED_VARIABLE = YES;
				IPHONEOS_DEPLOYMENT_TARGET = 13.7;
				MTL_ENABLE_DEBUG_INFO = NO;
				MTL_FAST_MATH = YES;
				SDKROOT = iphoneos;
				SWIFT_COMPILATION_MODE = wholemodule;
				SWIFT_OPTIMIZATION_LEVEL = "-O";
				VALIDATE_PRODUCT = YES;
			};
			name = Release;
		};
		E028E5AB2510D0DE0070AC23 /* Debug */ = {
			isa = XCBuildConfiguration;
			buildSettings = {
				ASSETCATALOG_COMPILER_APPICON_NAME = AppIcon;
				CODE_SIGN_STYLE = Automatic;
				INFOPLIST_FILE = "challenge 2/Info.plist";
				LD_RUNPATH_SEARCH_PATHS = (
					"$(inherited)",
					"@executable_path/Frameworks",
				);
				PRODUCT_BUNDLE_IDENTIFIER = "com.example.challenge-2";
				PRODUCT_NAME = "$(TARGET_NAME)";
				SWIFT_VERSION = 5.0;
				TARGETED_DEVICE_FAMILY = "1,2";
			};
			name = Debug;
		};
		E028E5AC2510D0DE0070AC23 /* Release */ = {
			isa = XCBuildConfiguration;
			buildSettings = {
				ASSETCATALOG_COMPILER_APPICON_NAME = AppIcon;
				CODE_SIGN_STYLE = Automatic;
				INFOPLIST_FILE = "challenge 2/Info.plist";
				LD_RUNPATH_SEARCH_PATHS = (
					"$(inherited)",
					"@executable_path/Frameworks",
				);
				PRODUCT_BUNDLE_IDENTIFIER = "com.example.challenge-2";
				PRODUCT_NAME = "$(TARGET_NAME)";
				SWIFT_VERSION = 5.0;
				TARGETED_DEVICE_FAMILY = "1,2";
			};
			name = Release;
		};
/* End XCBuildConfiguration section */

/* Begin XCConfigurationList section */
		E028E5912510D0DD0070AC23 /* Build configuration list for PBXProject "challenge 2" */ = {
			isa = XCConfigurationList;
			buildConfigurations = (
				E028E5A82510D0DE0070AC23 /* Debug */,
				E028E5A92510D0DE0070AC23 /* Release */,
			);
			defaultConfigurationIsVisible = 0;
			defaultConfigurationName = Release;
		};
		E028E5AA2510D0DE0070AC23 /* Build configuration list for PBXNativeTarget "challenge 2" */ = {
			isa = XCConfigurationList;
			buildConfigurations = (
				E028E5AB2510D0DE0070AC23 /* Debug */,
				E028E5AC2510D0DE0070AC23 /* Release */,
			);
			defaultConfigurationIsVisible = 0;
			defaultConfigurationName = Release;
		};
/* End XCConfigurationList section */
	};
	rootObject = E028E58E2510D0DD0070AC23 /* Project object */;
}
